
Microsoft Visual Studio Solution File, Format Version 12.00
# Visual Studio Version 17
VisualStudioVersion = 17.11.35312.102
MinimumVisualStudioVersion = 10.0.40219.1
Project("{FAE04EC0-301F-11D3-BF4B-00C04F79EFBC}") = "Task01", "Task01\Task01.csproj", "{58F75943-7F0B-49A3-B58D-4B67228F95E2}"
EndProject
Global
	GlobalSection(SolutionConfigurationPlatforms) = preSolution
		Debug|Any CPU = Debug|Any CPU
		Release|Any CPU = Release|Any CPU
	EndGlobalSection
	GlobalSection(ProjectConfigurationPlatforms) = postSolution
		{58F75943-7F0B-49A3-B58D-4B67228F95E2}.Debug|Any CPU.ActiveCfg = Debug|Any CPU
		{58F75943-7F0B-49A3-B58D-4B67228F95E2}.Debug|Any CPU.Build.0 = Debug|Any CPU
		{58F75943-7F0B-49A3-B58D-4B67228F95E2}.Release|Any CPU.ActiveCfg = Release|Any CPU
		{58F75943-7F0B-49A3-B58D-4B67228F95E2}.Release|Any CPU.Build.0 = Release|Any CPU
	EndGlobalSection
	GlobalSection(SolutionProperties) = preSolution
		HideSolutionNode = FALSE
	EndGlobalSection
	GlobalSection(ExtensibilityGlobals) = postSolution
		SolutionGuid = {2AE37C6E-4410-45AD-9578-0C945C29E319}
	EndGlobalSection
EndGlobal
